
Microsoft Visual Studio Solution File, Format Version 12.00
# Visual Studio Version 17
VisualStudioVersion = 17.11.35208.52
MinimumVisualStudioVersion = 10.0.40219.1
Project("{FAE04EC0-301F-11D3-BF4B-00C04F79EFBC}") = "MasterTDD.Day3", "tests\MasterTDD.Day3\MasterTDD.Day3.csproj", "{CB31331D-E84B-4578-8D65-78BDFF1E458C}"
EndProject
Project("{9A19103F-16F7-4668-BE54-9A1E7A4F7556}") = "MasterTDD.Day1", "tests\MasterTDD.Day1\MasterTDD.Day1.csproj", "{F5DDC965-E774-445F-8573-0A2E99857E23}"
EndProject
Project("{9A19103F-16F7-4668-BE54-9A1E7A4F7556}") = "MasterTDD.Day2", "tests\MasterTDD.Day2\MasterTDD.Day2.csproj", "{EB3BBF00-BCBD-4216-A1AE-4A362480A130}"
EndProject
Global
	GlobalSection(SolutionConfigurationPlatforms) = preSolution
		Debug|Any CPU = Debug|Any CPU
		Release|Any CPU = Release|Any CPU
	EndGlobalSection
	GlobalSection(ProjectConfigurationPlatforms) = postSolution
		{CB31331D-E84B-4578-8D65-78BDFF1E458C}.Debug|Any CPU.ActiveCfg = Debug|Any CPU
		{CB31331D-E84B-4578-8D65-78BDFF1E458C}.Debug|Any CPU.Build.0 = Debug|Any CPU
		{CB31331D-E84B-4578-8D65-78BDFF1E458C}.Release|Any CPU.ActiveCfg = Release|Any CPU
		{CB31331D-E84B-4578-8D65-78BDFF1E458C}.Release|Any CPU.Build.0 = Release|Any CPU
		{F5DDC965-E774-445F-8573-0A2E99857E23}.Debug|Any CPU.ActiveCfg = Debug|Any CPU
		{F5DDC965-E774-445F-8573-0A2E99857E23}.Debug|Any CPU.Build.0 = Debug|Any CPU
		{F5DDC965-E774-445F-8573-0A2E99857E23}.Release|Any CPU.ActiveCfg = Release|Any CPU
		{F5DDC965-E774-445F-8573-0A2E99857E23}.Release|Any CPU.Build.0 = Release|Any CPU
		{EB3BBF00-BCBD-4216-A1AE-4A362480A130}.Debug|Any CPU.ActiveCfg = Debug|Any CPU
		{EB3BBF00-BCBD-4216-A1AE-4A362480A130}.Debug|Any CPU.Build.0 = Debug|Any CPU
		{EB3BBF00-BCBD-4216-A1AE-4A362480A130}.Release|Any CPU.ActiveCfg = Release|Any CPU
		{EB3BBF00-BCBD-4216-A1AE-4A362480A130}.Release|Any CPU.Build.0 = Release|Any CPU
	EndGlobalSection
	GlobalSection(SolutionProperties) = preSolution
		HideSolutionNode = FALSE
	EndGlobalSection
	GlobalSection(ExtensibilityGlobals) = postSolution
		SolutionGuid = {83AE867A-0A54-4074-AFED-E11E530A9AAB}
	EndGlobalSection
EndGlobal
